
Microsoft Visual Studio Solution File, Format Version 12.00
# Visual Studio Version 17
VisualStudioVersion = 17.5.33502.453
MinimumVisualStudioVersion = 10.0.40219.1
Project("{FAE04EC0-301F-11D3-BF4B-00C04F79EFBC}") = "ImageSorting", "ImageSorting.csproj", "{281B8A71-6D44-42A3-9D77-520C1A58714B}"
EndProject
Global
	GlobalSection(SolutionConfigurationPlatforms) = preSolution
		Debug|Any CPU = Debug|Any CPU
		Release|Any CPU = Release|Any CPU
	EndGlobalSection
	GlobalSection(ProjectConfigurationPlatforms) = postSolution
		{281B8A71-6D44-42A3-9D77-520C1A58714B}.Debug|Any CPU.ActiveCfg = Debug|Any CPU
		{281B8A71-6D44-42A3-9D77-520C1A58714B}.Debug|Any CPU.Build.0 = Debug|Any CPU
		{281B8A71-6D44-42A3-9D77-520C1A58714B}.Release|Any CPU.ActiveCfg = Release|Any CPU
		{281B8A71-6D44-42A3-9D77-520C1A58714B}.Release|Any CPU.Build.0 = Release|Any CPU
	EndGlobalSection
	GlobalSection(SolutionProperties) = preSolution
		HideSolutionNode = FALSE
	EndGlobalSection
	GlobalSection(ExtensibilityGlobals) = postSolution
		SolutionGuid = {12E6B663-E182-446B-878F-2923B301F324}
	EndGlobalSection
EndGlobal
